hash: d6129ffa3909ccc4c56a41ba76b121cde461cd06b0ce59d814a9e8895f72f1b5
updated: 2018-02-15T16:57:47.219859354Z
imports:
- name: github.com/ReconfigureIO/brain
  version: 1f1204df7e7addedc6319548b6c9aed02fabeff1
  subpackages:
  - bnn
- name: github.com/ReconfigureIO/fixed
  version: 019e8e9cf87a7b55a8a8b78eecbc1d7fede75eec
  subpackages:
  - host
- name: github.com/ReconfigureIO/sdaccel
  version: e93e5713d49cc1354dcd1d35cfaef85ba151e0a3
  subpackages:
  - axi/memory
  - axi/protocol
  - xcl
testImports: []
